<?xml version="1.0" encoding="utf-8"?>
<Project ToolsVersion="4.0" xmlns:atg="http://atg.xbox.com" xmlns="http://schemas.microsoft.com/developer/msbuild/2003">
  <ItemGroup>
    <Filter Include="Resource Files">
      <UniqueIdentifier>{8e114980-c1a3-4ada-ad7c-83caadf5daeb}</UniqueIdentifier>
      <Extensions>rc;ico;cur;bmp;dlg;rc2;rct;bin;rgs;gif;jpg;jpeg;jpe</Extensions>
    </Filter>
    <Filter Include="DXUT">
      <UniqueIdentifier>{a43c5c25-0e86-4a20-b64a-883785ff74fd}</UniqueIdentifier>
    </Filter>
    <Filter Include="Shaders">
      <UniqueIdentifier>{2c3d4c8c-5d1a-459a-a05a-a4e4b608a44e}</UniqueIdentifier>
      <Extensions>fx;fxh;hlsl</Extensions>
    </Filter>
    <Filter Include="Source">
      <UniqueIdentifier>{0368d503-90f0-44c4-9497-d6dd9189e65c}</UniqueIdentifier>
    </Filter>
    <Filter Include="include">
      <UniqueIdentifier>{75df6479-3a40-4d7a-85ba-728f0f196719}</UniqueIdentifier>
    </Filter>
    <Filter Include="include\ECS">
      <UniqueIdentifier>{d20994a7-d453-4a85-a71d-de18e05186a6}</UniqueIdentifier>
    </Filter>
    <Filter Include="Source\ECS">
      <UniqueIdentifier>{00b276b4-173b-4ce4-9b5f-7fda5f105a48}</UniqueIdentifier>
    </Filter>
    <Filter Include="Imgui">
      <UniqueIdentifier>{1a74bee9-4e25-48a1-b003-f95e2bae9c7e}</UniqueIdentifier>
    </Filter>
    <Filter Include="Imgui\Include">
      <UniqueIdentifier>{fdece53b-fbe7-4bac-8a72-5e77a4256bfa}</UniqueIdentifier>
    </Filter>
    <Filter Include="Imgui\Source">
      <UniqueIdentifier>{b21420b3-9d49-4f75-a023-6712c9122132}</UniqueIdentifier>
    </Filter>
    <Filter Include="Utilities">
      <UniqueIdentifier>{149517ed-f447-4919-a2d4-7d37f928361f}</UniqueIdentifier>
    </Filter>
    <Filter Include="Utilities\Vectors">
      <UniqueIdentifier>{c8168b81-eea8-4dd0-9e59-3a5311303fc9}</UniqueIdentifier>
    </Filter>
    <Filter Include="Utilities\Matrix">
      <UniqueIdentifier>{38c1f84f-41e6-4941-8d1a-4ad7fb2e331f}</UniqueIdentifier>
    </Filter>
    <Filter Include="Utilities\Structures">
      <UniqueIdentifier>{86cf2bd2-76cd-4838-8c87-2e68b4e4e104}</UniqueIdentifier>
    </Filter>
    <Filter Include="Utilities\Utilities">
      <UniqueIdentifier>{4415484c-07a8-4bda-98dd-fa31ea529eb4}</UniqueIdentifier>
    </Filter>
    <Filter Include="Utilities\Memory">
      <UniqueIdentifier>{b4b52ef0-5ddc-4417-9404-9ed72a24c18f}</UniqueIdentifier>
    </Filter>
  </ItemGroup>
  <ItemGroup>
    <ClCompile Include="source\BaseApp.cpp">
      <Filter>Source</Filter>
    </ClCompile>
    <ClCompile Include="source\Window.cpp">
      <Filter>Source</Filter>
    </ClCompile>
    <ClCompile Include="source\Device.cpp">
      <Filter>Source</Filter>
    </ClCompile>
    <ClCompile Include="source\DeviceContext.cpp">
      <Filter>Source</Filter>
    </ClCompile>
    <ClCompile Include="source\Texture.cpp">
      <Filter>Source</Filter>
    </ClCompile>
    <ClCompile Include="source\depthstencilView.cpp">
      <Filter>Source</Filter>
    </ClCompile>
    <ClCompile Include="source\RenderTargetView.cpp">
      <Filter>Source</Filter>
    </ClCompile>
    <ClCompile Include="source\viewPort.cpp">
      <Filter>Source</Filter>
    </ClCompile>
    <ClCompile Include="source\InputLayout.cpp">
      <Filter>Source</Filter>
    </ClCompile>
    <ClCompile Include="source\ShaderProgram.cpp">
      <Filter>Source</Filter>
    </ClCompile>
    <ClCompile Include="source\Buffer.cpp">
      <Filter>Source</Filter>
    </ClCompile>
    <ClCompile Include="source\SampleState.cpp">
      <Filter>Source</Filter>
    </ClCompile>
    <ClCompile Include="source\ModelLoader.cpp">
      <Filter>Source</Filter>
    </ClCompile>
    <ClCompile Include="guup_enigne.cpp">
      <Filter>Source</Filter>
    </ClCompile>
    <ClCompile Include="include\swap chain.cpp">
      <Filter>Source</Filter>
    </ClCompile>
    <ClCompile Include="source\UserInterface.cpp" />
    <ClCompile Include="source\Actor.cpp">
      <Filter>Source\ECS</Filter>
    </ClCompile>
    <ClCompile Include="imgui-docking\imgui.cpp">
      <Filter>Imgui\Source</Filter>
    </ClCompile>
    <ClCompile Include="imgui-docking\imgui_demo.cpp">
      <Filter>Imgui\Source</Filter>
    </ClCompile>
    <ClCompile Include="imgui-docking\imgui_draw.cpp">
      <Filter>Imgui\Source</Filter>
    </ClCompile>
    <ClCompile Include="imgui-docking\imgui_tables.cpp">
      <Filter>Imgui\Source</Filter>
    </ClCompile>
    <ClCompile Include="imgui-docking\imgui_widgets.cpp">
      <Filter>Imgui\Source</Filter>
    </ClCompile>
    <ClCompile Include="imgui-docking\backends\imgui_impl_dx11.cpp">
      <Filter>Imgui\Source</Filter>
    </ClCompile>
    <ClCompile Include="imgui-docking\backends\imgui_impl_win32.cpp">
      <Filter>Imgui\Source</Filter>
    </ClCompile>
    <ClCompile Include="source\Transform.cpp">
      <Filter>Source\ECS</Filter>
    </ClCompile>
  </ItemGroup>
  <ItemGroup>
    <None Include="guup_enigne.fx">
      <Filter>Shaders</Filter>
    </None>
  </ItemGroup>
  <ItemGroup>
    <CLInclude Include="resource.h">
      <Filter>Resource Files</Filter>
    </CLInclude>
    <ResourceCompile Include="guup_enigne.rc">
      <Filter>Resource Files</Filter>
    </ResourceCompile>
    <ClInclude Include="include\BaseApp.h">
      <Filter>include</Filter>
    </ClInclude>
    <ClInclude Include="include\PreRequisitos.h">
      <Filter>include</Filter>
    </ClInclude>
    <ClInclude Include="include\Resource.h">
      <Filter>Resource Files</Filter>
    </ClInclude>
    <ClInclude Include="include\Window.h">
      <Filter>include</Filter>
    </ClInclude>
    <ClInclude Include="include\Device.h">
      <Filter>include</Filter>
    </ClInclude>
    <ClInclude Include="include\DeviceContext.h">
      <Filter>include</Filter>
    </ClInclude>
    <ClInclude Include="include\swap chain.h">
      <Filter>include</Filter>
    </ClInclude>
    <ClInclude Include="include\Texture.h">
      <Filter>include</Filter>
    </ClInclude>
    <ClInclude Include="include\depthstencilView.h">
      <Filter>include</Filter>
    </ClInclude>
    <ClInclude Include="include\RenderTargetView.h">
      <Filter>include</Filter>
    </ClInclude>
    <ClInclude Include="include\ViewPort.h">
      <Filter>include</Filter>
    </ClInclude>
    <ClInclude Include="include\InputLayout.h">
      <Filter>include</Filter>
    </ClInclude>
    <ClInclude Include="include\ShaderProgram.h">
      <Filter>include</Filter>
    </ClInclude>
    <ClInclude Include="include\Buffer.h">
      <Filter>include</Filter>
    </ClInclude>
    <ClInclude Include="include\SampleState.h">
      <Filter>include</Filter>
    </ClInclude>
    <ClInclude Include="include\ModelLoader.h">
      <Filter>include</Filter>
    </ClInclude>
    <ClInclude Include="include\fbx\fbxsdk - copia.h" />
    <ClInclude Include="include\stb_image.h">
      <Filter>include</Filter>
    </ClInclude>
    <ClInclude Include="include\Entity.h">
      <Filter>include\ECS</Filter>
    </ClInclude>
    <ClInclude Include="include\Component.h">
      <Filter>include\ECS</Filter>
    </ClInclude>
    <ClInclude Include="include\MeshComponent.h">
      <Filter>include\ECS</Filter>
    </ClInclude>
    <ClInclude Include="include\Actor.h">
      <Filter>include\ECS</Filter>
    </ClInclude>
    <ClInclude Include="include\UserInterface.h" />
    <ClInclude Include="imgui-docking\backends\imgui_impl_dx11.h">
      <Filter>Imgui\Source</Filter>
    </ClInclude>
    <ClInclude Include="imgui-docking\backends\imgui_impl_win32.h">
      <Filter>Imgui\Source</Filter>
    </ClInclude>
    <ClInclude Include="imgui-docking\imgui.h">
      <Filter>Imgui\Include</Filter>
    </ClInclude>
    <ClInclude Include="imgui-docking\imgui_internal.h">
      <Filter>Imgui\Include</Filter>
    </ClInclude>
    <ClInclude Include="imgui-docking\imstb_rectpack.h">
      <Filter>Imgui\Include</Filter>
    </ClInclude>
    <ClInclude Include="imgui-docking\imstb_textedit.h">
      <Filter>Imgui\Include</Filter>
    </ClInclude>
    <ClInclude Include="imgui-docking\imstb_truetype.h">
      <Filter>Imgui\Include</Filter>
    </ClInclude>
    <ClInclude Include="imgui-docking\imconfig.h">
      <Filter>Imgui\Include</Filter>
    </ClInclude>
    <ClInclude Include="include\Utilities\Matrix\Matrix2x2.h">
      <Filter>Utilities\Matrix</Filter>
    </ClInclude>
    <ClInclude Include="include\Utilities\Matrix\Matrix3x3.h">
      <Filter>Utilities\Matrix</Filter>
    </ClInclude>
    <ClInclude Include="include\Utilities\Matrix\Matrix4x4.h">
      <Filter>Utilities\Matrix</Filter>
    </ClInclude>
    <ClInclude Include="include\Utilities\Memory\TSharedPointer.h">
      <Filter>Utilities\Memory</Filter>
    </ClInclude>
    <ClInclude Include="include\Utilities\Memory\TStaticPtr.h">
      <Filter>Utilities\Memory</Filter>
    </ClInclude>
    <ClInclude Include="include\Utilities\Memory\TUniquePtr.h">
      <Filter>Utilities\Memory</Filter>
    </ClInclude>
    <ClInclude Include="include\Utilities\Memory\TWeakPointer.h">
      <Filter>Utilities\Memory</Filter>
    </ClInclude>
    <ClInclude Include="include\Utilities\Utilities\EngineMath.h">
      <Filter>Utilities\Utilities</Filter>
    </ClInclude>
    <ClInclude Include="include\Utilities\Structures\TArray.h">
      <Filter>Utilities\Structures</Filter>
    </ClInclude>
    <ClInclude Include="include\Utilities\Structures\TMap.h">
      <Filter>Utilities\Structures</Filter>
    </ClInclude>
    <ClInclude Include="include\Utilities\Structures\TPair.h">
      <Filter>Utilities\Structures</Filter>
    </ClInclude>
    <ClInclude Include="include\Utilities\Structures\TSet.h">
      <Filter>Utilities\Structures</Filter>
    </ClInclude>
    <ClInclude Include="include\Utilities\Vectors\Quaternion.h">
      <Filter>Utilities\Vectors</Filter>
    </ClInclude>
    <ClInclude Include="include\Utilities\Vectors\Vector2.h">
      <Filter>Utilities\Vectors</Filter>
    </ClInclude>
    <ClInclude Include="include\Utilities\Vectors\Vector3.h">
      <Filter>Utilities\Vectors</Filter>
    </ClInclude>
    <ClInclude Include="include\Utilities\Vectors\Vector4.h">
      <Filter>Utilities\Vectors</Filter>
    </ClInclude>
    <ClInclude Include="include\Transform.h">
      <Filter>include\ECS</Filter>
    </ClInclude>
  </ItemGroup>
  <ItemGroup>
  </ItemGroup>
</Project>